{
    "version": "0.5",
    "requires": [
        "zlib/1.3.1#cac0f6daea041b0ccf42934163defb20%1765284699.337",
        "xtl/0.8.0#45f1f2f2e5cbff154b59a57dbd6efb55%1747056138.62",
        "xtensor/0.26.0#929fed688e0b3e850106059bf3782e81%1755248340.339",
        "xsimd/13.2.0#b4819b06b51041b1cd32114700adbb59%1743412135.667",
        "viam-cpp-sdk/0.30.1#ba863329ca2c3136fe1c82ac84046d61%1770059654.5699854",
        "re2/20230301#3d3c2b323893c0cb89b55d0c3b281724%1764857321.217",
        "protobuf/5.27.0#99c5d5f87d1eea580a2234238020821b%1768401326.052",
        "openssl/3.6.1#2e0be4a996c7ca91feb31b7fe65117b9%1769599203.736",
        "nlohmann_json/3.11.3#45828be26eb619a2e04ca517bb7b828d%1701220705.259",
        "libiconv/1.17#1e65319e945f2d31941a9d28cc13c058%1751451666.321",
        "libbacktrace/cci.20210118#a7691bfccd8caaf66309df196790a5a1%1722218217.276",
        "grpc/1.72.0#716982a6240893b25ccedd8de6108462%1761821348.005",
        "c-ares/1.34.6#545240bb1c40e2cacd4362d6b8967650%1766500685.317",
        "bzip2/1.0.8#c470882369c2d95c5c77e970c0c7e321%1762886692.465",
        "boost/1.90.0#d5e8defe7355494953be18524a7f135b%1765955095.179",
        "abseil/20250127.0#4242e8b46c00cdfbeb976f3d02990ba6%1761741491.734"
    ],
    "build_requires": [
        "zlib/1.3.1#cac0f6daea041b0ccf42934163defb20%1765284699.337",
        "re2/20230301#3d3c2b323893c0cb89b55d0c3b281724%1764857321.217",
        "protobuf/5.27.0#99c5d5f87d1eea580a2234238020821b%1768401326.052",
        "openssl/3.6.1#2e0be4a996c7ca91feb31b7fe65117b9%1769599203.736",
        "grpc/1.72.0#716982a6240893b25ccedd8de6108462%1761821348.005",
        "cmake/4.2.3#c5c10d4c90874997553970589940ab9c%1769792867.095",
        "cmake/3.31.11#f325c933f618a1fcebc1e1c0babfd1ba%1769622857.944",
        "c-ares/1.34.6#545240bb1c40e2cacd4362d6b8967650%1766500685.317",
        "b2/5.4.2#ffd6084a119587e70f11cd45d1a386e2%1766594659.866",
        "abseil/20250127.0#4242e8b46c00cdfbeb976f3d02990ba6%1761741491.734"
    ],
    "python_requires": [],
    "config_requires": []
}
