# Generated by buf. DO NOT EDIT.
version: v2
deps:
  - name: buf.build/googleapis/googleapis
    commit: c17df5b2beca46928cc87d5656bd5343
    digest: b5:648a01e0170d4512dea7d564016165decd1ed6e34bef79fe54753e51ad7e27545709ad9157d7551270147d551155c595a2fb0bf5bb33b1c83040ddbce915c604
  - name: buf.build/opentelemetry/opentelemetry
    commit: 41ecbd638b414ccd893b285e3f587991
    digest: b5:39976f28b39ef7949e9cdc3dd2dde118dd46890c9ba81342b38cfafbc5cbfdd938375e8913b6c73259ccf07920c3e366e944dfb9b346ef36441e437fb7823109
  - name: buf.build/viamrobotics/api
    commit: ceb563a7f6ad4d5a94875d92dcb1491c
    digest: b5:9a8d9b12d8652d3fe6b76c0ebdc43ce6899ca406c98d20d783c073cb72928d577c2d95e2c2872b4d56d07a1219d48ebde095f9a5a3aeebdcffd1cf2059f8bfb2
  - name: buf.build/viamrobotics/goutils
    commit: 12ffd56a319a486aa92c69027c1a1cbc
    digest: b5:2f9115bedb4d5e640a492b28dec5904c9e15b954382300f41a414b2789fa0a616e2f514c5029669520e3d448275d8960a32df7a29e169017118fe8ece490c82b
