# Generated by buf. DO NOT EDIT.
version: v2
deps:
  - name: buf.build/googleapis/googleapis
    commit: 004180b77378443887d3b55cabc00384
    digest: b5:e8f475fe3330f31f5fd86ac689093bcd274e19611a09db91f41d637cb9197881ce89882b94d13a58738e53c91c6e4bae7dc1feba85f590164c975a89e25115dc
  - name: buf.build/opentelemetry/opentelemetry
    commit: 5f2c7d4f740541589805e0816dad4bb0
    digest: b5:935626c896cfe0f5efda467869c65df49843190c1d16ad24957d62ae840aef5f5da2474ec5c766e730b2727c6a24b39b5a2a073da70cf3f2611ce7d3934def86
  - name: buf.build/viamrobotics/api
    commit: 34663a7c6084488ca2cbd914fee9a6aa
    digest: b5:1b63b7c2b554872abbcbee3b457bc8b81eabda4e1238189a085e5cb791e59876ece038774df929e73b38e1b1b4087ae394cca8540864de252af02a91e363d6f1
  - name: buf.build/viamrobotics/goutils
    commit: 5fff320e3fab4611aea8180e09bcb5e5
    digest: b5:e524fd761245da57e4651fd26e16d1a1ea9f45b5fe43ac63e35070f814e9665e5e06741e30e3c803b4d6c6f5d685a62f705e916089d92f34be7e42ba721e6f7d
