# Generated by buf. DO NOT EDIT.
version: v2
deps:
  - name: buf.build/googleapis/googleapis
    commit: c17df5b2beca46928cc87d5656bd5343
    digest: b5:648a01e0170d4512dea7d564016165decd1ed6e34bef79fe54753e51ad7e27545709ad9157d7551270147d551155c595a2fb0bf5bb33b1c83040ddbce915c604
  - name: buf.build/opentelemetry/opentelemetry
    commit: 41ecbd638b414ccd893b285e3f587991
    digest: b5:39976f28b39ef7949e9cdc3dd2dde118dd46890c9ba81342b38cfafbc5cbfdd938375e8913b6c73259ccf07920c3e366e944dfb9b346ef36441e437fb7823109
  - name: buf.build/viamrobotics/api
    commit: 17805817b2b2439aa3a600f5b2ccf3df
    digest: b5:b40d821129b8a6a7561e1c455a2b8da8fb243da83970ad6566fc23a8652ff586f92d52c1ebb0811738a24bdf7e689c1ea5920e01e71448ba64fc1a9a2667addc
  - name: buf.build/viamrobotics/goutils
    commit: 12ffd56a319a486aa92c69027c1a1cbc
    digest: b5:2f9115bedb4d5e640a492b28dec5904c9e15b954382300f41a414b2789fa0a616e2f514c5029669520e3d448275d8960a32df7a29e169017118fe8ece490c82b
