# Generated by buf. DO NOT EDIT.
version: v1
deps:
  - remote: buf.build
    owner: googleapis
    repository: googleapis
    commit: e93e34f48be043dab55be31b4b47f458
  - remote: buf.build
    owner: viamrobotics
    repository: api
    commit: 8bd4ce6320ad4d76af9d5e8fa7c9fe61
  - remote: buf.build
    owner: viamrobotics
    repository: goutils
    commit: 5fff320e3fab4611aea8180e09bcb5e5
