# Generated by buf. DO NOT EDIT.
version: v1
deps:
  - remote: buf.build
    owner: googleapis
    repository: googleapis
    commit: 61b203b9a9164be9a834f58c37be6f62
  - remote: buf.build
    owner: viamrobotics
    repository: api
    commit: d4beb1aaa859432b848705a54bf5f357
  - remote: buf.build
    owner: viamrobotics
    repository: goutils
    commit: 5fff320e3fab4611aea8180e09bcb5e5
