# Generated by buf. DO NOT EDIT.
version: v1
deps:
  - remote: buf.build
    owner: googleapis
    repository: googleapis
    commit: 8bc2c51e08c447cd8886cdea48a73e14
    digest: shake256:a969155953a5cedc5b2df5b42c368f2bc66ff8ce1804bc96e0f14ff2ee8a893687963058909df844d1643cdbc98ff099d2daa6bc9f9f5b8886c49afdc60e19af
