# Generated by buf. DO NOT EDIT.
version: v1
deps:
  - remote: buf.build
    owner: googleapis
    repository: googleapis
    commit: f52d4f76a8434cc5966798b1d3b4f110
    digest: shake256:71566dd80e39b7d85fdaa9b7f82107385181d5b6d17ea56c0aacce61099b35f9f1bcf7333ad9838ca19d24d7f076b039de7c9c09c55d23bb4c2fddfceff4d2c2
